
Microsoft Visual Studio Solution File, Format Version 12.00
# Visual Studio Version 17
VisualStudioVersion = 17.2.33027.314
MinimumVisualStudioVersion = 10.0.40219.1
Project("{FAE04EC0-301F-11D3-BF4B-00C04F79EFBC}") = "CoreGCP", "CoreGCP.csproj", "{048D98DB-3372-4829-A5FF-EA7D55ECDD49}"
EndProject
Global
	GlobalSection(SolutionConfigurationPlatforms) = preSolution
		Debug|Any CPU = Debug|Any CPU
		Release|Any CPU = Release|Any CPU
	EndGlobalSection
	GlobalSection(ProjectConfigurationPlatforms) = postSolution
		{048D98DB-3372-4829-A5FF-EA7D55ECDD49}.Debug|Any CPU.ActiveCfg = Debug|Any CPU
		{048D98DB-3372-4829-A5FF-EA7D55ECDD49}.Debug|Any CPU.Build.0 = Debug|Any CPU
		{048D98DB-3372-4829-A5FF-EA7D55ECDD49}.Release|Any CPU.ActiveCfg = Release|Any CPU
		{048D98DB-3372-4829-A5FF-EA7D55ECDD49}.Release|Any CPU.Build.0 = Release|Any CPU
	EndGlobalSection
	GlobalSection(SolutionProperties) = preSolution
		HideSolutionNode = FALSE
	EndGlobalSection
	GlobalSection(ExtensibilityGlobals) = postSolution
		SolutionGuid = {DCF121D9-04CC-48CA-927C-FDAE06769AB5}
	EndGlobalSection
EndGlobal
